
Microsoft Visual Studio Solution File, Format Version 12.00
# Visual Studio 15
VisualStudioVersion = 15.0.26430.6
MinimumVisualStudioVersion = 10.0.40219.1
Project("{FAE04EC0-301F-11D3-BF4B-00C04F79EFBC}") = "Server", "server\src\Server.csproj", "{80485380-18F0-4F2E-BC99-C6D15471A59C}"
EndProject
Project("{8BC9CEB8-8B4A-11D0-8D11-00A0C91BC942}") = "Temperature Module CPU", "modules\temperature\cpu_shared\cpu_shared.vcxproj", "{8B209B6C-72E5-43EB-9C55-1FB3E2F87F46}"
EndProject
Project("{8BC9CEB8-8B4A-11D0-8D11-00A0C91BC942}") = "Temperature Module API", "modules\temperature\base_module\base_module.vcxproj", "{A7BE353F-D78E-483A-BC41-7C6C1289B358}"
EndProject
Global
	GlobalSection(SolutionConfigurationPlatforms) = preSolution
		Debug|Any CPU = Debug|Any CPU
		Debug|x64 = Debug|x64
		Debug|x86 = Debug|x86
		Release|Any CPU = Release|Any CPU
		Release|x64 = Release|x64
		Release|x86 = Release|x86
	EndGlobalSection
	GlobalSection(ProjectConfigurationPlatforms) = postSolution
		{80485380-18F0-4F2E-BC99-C6D15471A59C}.Debug|Any CPU.ActiveCfg = Debug|Any CPU
		{80485380-18F0-4F2E-BC99-C6D15471A59C}.Debug|Any CPU.Build.0 = Debug|Any CPU
		{80485380-18F0-4F2E-BC99-C6D15471A59C}.Debug|x64.ActiveCfg = Debug|Any CPU
		{80485380-18F0-4F2E-BC99-C6D15471A59C}.Debug|x64.Build.0 = Debug|Any CPU
		{80485380-18F0-4F2E-BC99-C6D15471A59C}.Debug|x86.ActiveCfg = Debug|Any CPU
		{80485380-18F0-4F2E-BC99-C6D15471A59C}.Debug|x86.Build.0 = Debug|Any CPU
		{80485380-18F0-4F2E-BC99-C6D15471A59C}.Release|Any CPU.ActiveCfg = Debug|Any CPU
		{80485380-18F0-4F2E-BC99-C6D15471A59C}.Release|Any CPU.Build.0 = Debug|Any CPU
		{80485380-18F0-4F2E-BC99-C6D15471A59C}.Release|x64.ActiveCfg = Debug|Any CPU
		{80485380-18F0-4F2E-BC99-C6D15471A59C}.Release|x64.Build.0 = Debug|Any CPU
		{80485380-18F0-4F2E-BC99-C6D15471A59C}.Release|x86.ActiveCfg = Debug|Any CPU
		{80485380-18F0-4F2E-BC99-C6D15471A59C}.Release|x86.Build.0 = Debug|Any CPU
		{8B209B6C-72E5-43EB-9C55-1FB3E2F87F46}.Debug|Any CPU.ActiveCfg = Debug|Win32
		{8B209B6C-72E5-43EB-9C55-1FB3E2F87F46}.Debug|Any CPU.Build.0 = Debug|Win32
		{8B209B6C-72E5-43EB-9C55-1FB3E2F87F46}.Debug|x64.ActiveCfg = Debug|Win32
		{8B209B6C-72E5-43EB-9C55-1FB3E2F87F46}.Debug|x64.Build.0 = Debug|Win32
		{8B209B6C-72E5-43EB-9C55-1FB3E2F87F46}.Debug|x86.ActiveCfg = Debug|Win32
		{8B209B6C-72E5-43EB-9C55-1FB3E2F87F46}.Debug|x86.Build.0 = Debug|Win32
		{8B209B6C-72E5-43EB-9C55-1FB3E2F87F46}.Release|Any CPU.ActiveCfg = Debug|Win32
		{8B209B6C-72E5-43EB-9C55-1FB3E2F87F46}.Release|Any CPU.Build.0 = Debug|Win32
		{8B209B6C-72E5-43EB-9C55-1FB3E2F87F46}.Release|x64.ActiveCfg = Debug|Win32
		{8B209B6C-72E5-43EB-9C55-1FB3E2F87F46}.Release|x64.Build.0 = Debug|Win32
		{8B209B6C-72E5-43EB-9C55-1FB3E2F87F46}.Release|x86.ActiveCfg = Debug|Win32
		{8B209B6C-72E5-43EB-9C55-1FB3E2F87F46}.Release|x86.Build.0 = Debug|Win32
		{A7BE353F-D78E-483A-BC41-7C6C1289B358}.Debug|Any CPU.ActiveCfg = Debug|Win32
		{A7BE353F-D78E-483A-BC41-7C6C1289B358}.Debug|Any CPU.Build.0 = Debug|Win32
		{A7BE353F-D78E-483A-BC41-7C6C1289B358}.Debug|x64.ActiveCfg = Debug|Win32
		{A7BE353F-D78E-483A-BC41-7C6C1289B358}.Debug|x64.Build.0 = Debug|Win32
		{A7BE353F-D78E-483A-BC41-7C6C1289B358}.Debug|x86.ActiveCfg = Debug|Win32
		{A7BE353F-D78E-483A-BC41-7C6C1289B358}.Debug|x86.Build.0 = Debug|Win32
		{A7BE353F-D78E-483A-BC41-7C6C1289B358}.Release|Any CPU.ActiveCfg = Debug|Win32
		{A7BE353F-D78E-483A-BC41-7C6C1289B358}.Release|Any CPU.Build.0 = Debug|Win32
		{A7BE353F-D78E-483A-BC41-7C6C1289B358}.Release|x64.ActiveCfg = Debug|Win32
		{A7BE353F-D78E-483A-BC41-7C6C1289B358}.Release|x64.Build.0 = Debug|Win32
		{A7BE353F-D78E-483A-BC41-7C6C1289B358}.Release|x86.ActiveCfg = Debug|Win32
		{A7BE353F-D78E-483A-BC41-7C6C1289B358}.Release|x86.Build.0 = Debug|Win32
	EndGlobalSection
	GlobalSection(SolutionProperties) = preSolution
		HideSolutionNode = FALSE
	EndGlobalSection
EndGlobal
